github.com/carlmjohnson/requests v0.22.1 h1:YoifpEbpJW4LPRX/+0dJe3vTLducEE9Ib10k6lElIUM=
github.com/carlmjohnson/requests v0.22.1/go.mod h1:Hw4fFOk3xDlHQbNRTGo4oc52TUTpVEq93sNy/H+mrQM=
golang.org/x/net v0.0.0-20211015210444-4f30a5c0130f h1:OfiFi4JbukWwe3lzw+xunroH1mnC1e2Gy5cxNJApiSY=
golang.org/x/net v0.0.0-20211015210444-4f30a5c0130f/go.mod h1:9nx3DQGgdP8bBQD5qxJ1jj9UTztislL4KSBs9R2vV5Y=
